
Microsoft Visual Studio Solution File, Format Version 12.00
# Visual Studio Version 17
VisualStudioVersion = 17.2.32602.215
MinimumVisualStudioVersion = 10.0.40219.1
Project("{FAE04EC0-301F-11D3-BF4B-00C04F79EFBC}") = "WebApiLogger", "WebApiLogger\WebApiLogger.csproj", "{A2D337F2-3829-4C0D-893D-EE57CCD12E73}"
EndProject
Global
	GlobalSection(SolutionConfigurationPlatforms) = preSolution
		Debug|Any CPU = Debug|Any CPU
		Release|Any CPU = Release|Any CPU
	EndGlobalSection
	GlobalSection(ProjectConfigurationPlatforms) = postSolution
		{A2D337F2-3829-4C0D-893D-EE57CCD12E73}.Debug|Any CPU.ActiveCfg = Debug|Any CPU
		{A2D337F2-3829-4C0D-893D-EE57CCD12E73}.Debug|Any CPU.Build.0 = Debug|Any CPU
		{A2D337F2-3829-4C0D-893D-EE57CCD12E73}.Release|Any CPU.ActiveCfg = Release|Any CPU
		{A2D337F2-3829-4C0D-893D-EE57CCD12E73}.Release|Any CPU.Build.0 = Release|Any CPU
	EndGlobalSection
	GlobalSection(SolutionProperties) = preSolution
		HideSolutionNode = FALSE
	EndGlobalSection
	GlobalSection(ExtensibilityGlobals) = postSolution
		SolutionGuid = {D9DF5E93-0A8D-4DBC-82CE-C3BBD3BCA97B}
	EndGlobalSection
EndGlobal
